# This file is automatically @generated by Cargo.
# It is not intended for manual editing.
version = 4

[[package]]
name = "quantum-arch-x86_64"
version = "0.1.0"
dependencies = [
 "quantum-hal",
]

[[package]]
name = "quantum-core"
version = "0.1.0"
dependencies = [
 "quantum-hal",
]

[[package]]
name = "quantum-hal"
version = "0.1.0"

[[package]]
name = "quantum-platform-pc"
version = "0.1.0"
dependencies = [
 "quantum-hal",
]
